
Microsoft Visual Studio Solution File, Format Version 12.00
# Visual Studio Version 16
VisualStudioVersion = 16.0.30503.244
MinimumVisualStudioVersion = 10.0.40219.1
Project("{E24C65DC-7377-472B-9ABA-BC803B73C61A}") = "ng-ui", "ng-ui\", "{2BC0565F-1561-4B04-A13E-7C145C1CEF8F}"
	ProjectSection(WebsiteProperties) = preProject
		TargetFrameworkMoniker = ".NETFramework,Version%3Dv4.0"
		Debug.AspNetCompiler.VirtualPath = "/localhost_56030"
		Debug.AspNetCompiler.PhysicalPath = "ng-ui\"
		Debug.AspNetCompiler.TargetPath = "PrecompiledWeb\localhost_56030\"
		Debug.AspNetCompiler.Updateable = "true"
		Debug.AspNetCompiler.ForceOverwrite = "true"
		Debug.AspNetCompiler.FixedNames = "false"
		Debug.AspNetCompiler.Debug = "True"
		Release.AspNetCompiler.VirtualPath = "/localhost_56030"
		Release.AspNetCompiler.PhysicalPath = "ng-ui\"
		Release.AspNetCompiler.TargetPath = "PrecompiledWeb\localhost_56030\"
		Release.AspNetCompiler.Updateable = "true"
		Release.AspNetCompiler.ForceOverwrite = "true"
		Release.AspNetCompiler.FixedNames = "false"
		Release.AspNetCompiler.Debug = "False"
		VWDPort = "56030"
		SlnRelativePath = "ng-ui\"
	EndProjectSection
EndProject
Project("{9A19103F-16F7-4668-BE54-9A1E7A4F7556}") = "Backend", "Backend\Backend.csproj", "{7E3AF78F-5EAB-428B-8459-DC5FB3B77A88}"
EndProject
Project("{00D1A9C2-B5F0-4AF3-8072-F6C62B433612}") = "Database", "Database\Database.sqlproj", "{4A6C4C17-5AD2-4617-B21E-462FC9C8B927}"
EndProject
Global
	GlobalSection(SolutionConfigurationPlatforms) = preSolution
		Debug|Any CPU = Debug|Any CPU
		Release|Any CPU = Release|Any CPU
	EndGlobalSection
	GlobalSection(ProjectConfigurationPlatforms) = postSolution
		{2BC0565F-1561-4B04-A13E-7C145C1CEF8F}.Debug|Any CPU.ActiveCfg = Debug|Any CPU
		{2BC0565F-1561-4B04-A13E-7C145C1CEF8F}.Debug|Any CPU.Build.0 = Debug|Any CPU
		{2BC0565F-1561-4B04-A13E-7C145C1CEF8F}.Release|Any CPU.ActiveCfg = Debug|Any CPU
		{2BC0565F-1561-4B04-A13E-7C145C1CEF8F}.Release|Any CPU.Build.0 = Debug|Any CPU
		{7E3AF78F-5EAB-428B-8459-DC5FB3B77A88}.Debug|Any CPU.ActiveCfg = Debug|Any CPU
		{7E3AF78F-5EAB-428B-8459-DC5FB3B77A88}.Debug|Any CPU.Build.0 = Debug|Any CPU
		{7E3AF78F-5EAB-428B-8459-DC5FB3B77A88}.Release|Any CPU.ActiveCfg = Release|Any CPU
		{7E3AF78F-5EAB-428B-8459-DC5FB3B77A88}.Release|Any CPU.Build.0 = Release|Any CPU
		{4A6C4C17-5AD2-4617-B21E-462FC9C8B927}.Debug|Any CPU.ActiveCfg = Debug|Any CPU
		{4A6C4C17-5AD2-4617-B21E-462FC9C8B927}.Debug|Any CPU.Build.0 = Debug|Any CPU
		{4A6C4C17-5AD2-4617-B21E-462FC9C8B927}.Debug|Any CPU.Deploy.0 = Debug|Any CPU
		{4A6C4C17-5AD2-4617-B21E-462FC9C8B927}.Release|Any CPU.ActiveCfg = Release|Any CPU
		{4A6C4C17-5AD2-4617-B21E-462FC9C8B927}.Release|Any CPU.Build.0 = Release|Any CPU
		{4A6C4C17-5AD2-4617-B21E-462FC9C8B927}.Release|Any CPU.Deploy.0 = Release|Any CPU
	EndGlobalSection
	GlobalSection(SolutionProperties) = preSolution
		HideSolutionNode = FALSE
	EndGlobalSection
	GlobalSection(ExtensibilityGlobals) = postSolution
		SolutionGuid = {AE84B1CC-95BB-4013-83F0-75FD59454585}
	EndGlobalSection
EndGlobal
